{
  "name": "phase6-to-anki",
  "version": "1.0.0",
  "lockfileVersion": 1,
  "requires": true,
  "dependencies": {
    "csv-stringify": {
      "version": "5.2.0",
      "resolved": "https://registry.npmjs.org/csv-stringify/-/csv-stringify-5.2.0.tgz",
      "integrity": "sha512-xDvTC+LQCzRzadItryRG5MnGSb556Nu2Y+r9w8lHIHWQkua+TH1rQcseXhA325Slq0IVh+zt2sqe69TkUSvbfw==",
      "requires": {
        "lodash.get": "~4.4.2"
      }
    },
    "lodash.get": {
      "version": "4.4.2",
      "resolved": "https://registry.npmjs.org/lodash.get/-/lodash.get-4.4.2.tgz",
      "integrity": "sha1-LRd/ZS+jHpObRDjVNBSZ36OCXpk="
    },
    "striptags": {
      "version": "3.1.1",
      "resolved": "https://registry.npmjs.org/striptags/-/striptags-3.1.1.tgz",
      "integrity": "sha1-yMPn/db7S7OjKjt1LltePjgJPr0="
    }
  }
}
